
Microsoft Visual Studio Solution File, Format Version 12.00
# Visual Studio Version 17
VisualStudioVersion = 17.5.33516.290
MinimumVisualStudioVersion = 10.0.40219.1
Project("{FAE04EC0-301F-11D3-BF4B-00C04F79EFBC}") = "MyClasses", "MyClasses\MyClasses.csproj", "{AE22137F-1928-402F-BFD5-8B527AA38EDC}"
EndProject
Project("{FAE04EC0-301F-11D3-BF4B-00C04F79EFBC}") = "MyClassesTest", "MyClassesTest\MyClassesTest.csproj", "{D8385447-6A5C-4B3E-A1A0-85F6D1DCDE52}"
EndProject
Global
	GlobalSection(SolutionConfigurationPlatforms) = preSolution
		Debug|Any CPU = Debug|Any CPU
		Release|Any CPU = Release|Any CPU
	EndGlobalSection
	GlobalSection(ProjectConfigurationPlatforms) = postSolution
		{AE22137F-1928-402F-BFD5-8B527AA38EDC}.Debug|Any CPU.ActiveCfg = Debug|Any CPU
		{AE22137F-1928-402F-BFD5-8B527AA38EDC}.Debug|Any CPU.Build.0 = Debug|Any CPU
		{AE22137F-1928-402F-BFD5-8B527AA38EDC}.Release|Any CPU.ActiveCfg = Release|Any CPU
		{AE22137F-1928-402F-BFD5-8B527AA38EDC}.Release|Any CPU.Build.0 = Release|Any CPU
		{D8385447-6A5C-4B3E-A1A0-85F6D1DCDE52}.Debug|Any CPU.ActiveCfg = Debug|Any CPU
		{D8385447-6A5C-4B3E-A1A0-85F6D1DCDE52}.Debug|Any CPU.Build.0 = Debug|Any CPU
		{D8385447-6A5C-4B3E-A1A0-85F6D1DCDE52}.Release|Any CPU.ActiveCfg = Release|Any CPU
		{D8385447-6A5C-4B3E-A1A0-85F6D1DCDE52}.Release|Any CPU.Build.0 = Release|Any CPU
	EndGlobalSection
	GlobalSection(SolutionProperties) = preSolution
		HideSolutionNode = FALSE
	EndGlobalSection
	GlobalSection(ExtensibilityGlobals) = postSolution
		SolutionGuid = {88DBFDCE-7E07-4118-8510-0FA2289A337A}
	EndGlobalSection
EndGlobal
